
Microsoft Visual Studio Solution File, Format Version 11.00
# Visual Studio 2010
# SharpDevelop 5.1
Project("{FAE04EC0-301F-11D3-BF4B-00C04F79EFBC}") = "for-schleife", "for-schleife\for-schleife.csproj", "{B3184363-32A4-40F5-8DE4-32D409DE8240}"
EndProject
Global
	GlobalSection(SolutionConfigurationPlatforms) = preSolution
		Debug|Any CPU = Debug|Any CPU
		Release|Any CPU = Release|Any CPU
	EndGlobalSection
	GlobalSection(ProjectConfigurationPlatforms) = postSolution
		{B3184363-32A4-40F5-8DE4-32D409DE8240}.Debug|Any CPU.ActiveCfg = Debug|Any CPU
		{B3184363-32A4-40F5-8DE4-32D409DE8240}.Debug|Any CPU.Build.0 = Debug|Any CPU
		{B3184363-32A4-40F5-8DE4-32D409DE8240}.Release|Any CPU.ActiveCfg = Release|Any CPU
		{B3184363-32A4-40F5-8DE4-32D409DE8240}.Release|Any CPU.Build.0 = Release|Any CPU
	EndGlobalSection
EndGlobal
