
Microsoft Visual Studio Solution File, Format Version 11.00
# Visual Studio 2010
# SharpDevelop 5.1
Project("{FAE04EC0-301F-11D3-BF4B-00C04F79EFBC}") = "Addierer", "Addierer\Addierer.csproj", "{7F0F166F-68CC-4230-9E17-AAFDB3C8B865}"
EndProject
Global
	GlobalSection(SolutionConfigurationPlatforms) = preSolution
		Debug|Any CPU = Debug|Any CPU
		Release|Any CPU = Release|Any CPU
	EndGlobalSection
	GlobalSection(ProjectConfigurationPlatforms) = postSolution
		{7F0F166F-68CC-4230-9E17-AAFDB3C8B865}.Debug|Any CPU.ActiveCfg = Debug|Any CPU
		{7F0F166F-68CC-4230-9E17-AAFDB3C8B865}.Debug|Any CPU.Build.0 = Debug|Any CPU
		{7F0F166F-68CC-4230-9E17-AAFDB3C8B865}.Release|Any CPU.ActiveCfg = Release|Any CPU
		{7F0F166F-68CC-4230-9E17-AAFDB3C8B865}.Release|Any CPU.Build.0 = Release|Any CPU
	EndGlobalSection
EndGlobal
