
Microsoft Visual Studio Solution File, Format Version 11.00
# Visual Studio 2010
# SharpDevelop 5.1
Project("{FAE04EC0-301F-11D3-BF4B-00C04F79EFBC}") = "FontSize", "FontSize\FontSize.csproj", "{FDBE95A2-69C8-4BC2-B6FB-AAC3F4966263}"
EndProject
Global
	GlobalSection(SolutionConfigurationPlatforms) = preSolution
		Debug|Any CPU = Debug|Any CPU
		Release|Any CPU = Release|Any CPU
	EndGlobalSection
	GlobalSection(ProjectConfigurationPlatforms) = postSolution
		{FDBE95A2-69C8-4BC2-B6FB-AAC3F4966263}.Debug|Any CPU.ActiveCfg = Debug|Any CPU
		{FDBE95A2-69C8-4BC2-B6FB-AAC3F4966263}.Debug|Any CPU.Build.0 = Debug|Any CPU
		{FDBE95A2-69C8-4BC2-B6FB-AAC3F4966263}.Release|Any CPU.ActiveCfg = Release|Any CPU
		{FDBE95A2-69C8-4BC2-B6FB-AAC3F4966263}.Release|Any CPU.Build.0 = Release|Any CPU
	EndGlobalSection
EndGlobal
