
Microsoft Visual Studio Solution File, Format Version 11.00
# Visual Studio 2010
# SharpDevelop 5.1
Project("{FAE04EC0-301F-11D3-BF4B-00C04F79EFBC}") = "Schleifen", "Schleifen\Schleifen.csproj", "{B932A248-08B3-4260-A292-B4C3F3473D36}"
EndProject
Global
	GlobalSection(SolutionConfigurationPlatforms) = preSolution
		Debug|Any CPU = Debug|Any CPU
		Release|Any CPU = Release|Any CPU
	EndGlobalSection
	GlobalSection(ProjectConfigurationPlatforms) = postSolution
		{B932A248-08B3-4260-A292-B4C3F3473D36}.Debug|Any CPU.ActiveCfg = Debug|Any CPU
		{B932A248-08B3-4260-A292-B4C3F3473D36}.Debug|Any CPU.Build.0 = Debug|Any CPU
		{B932A248-08B3-4260-A292-B4C3F3473D36}.Release|Any CPU.ActiveCfg = Release|Any CPU
		{B932A248-08B3-4260-A292-B4C3F3473D36}.Release|Any CPU.Build.0 = Release|Any CPU
	EndGlobalSection
EndGlobal
