
Microsoft Visual Studio Solution File, Format Version 11.00
# Visual Studio 2010
# SharpDevelop 5.1
Project("{FAE04EC0-301F-11D3-BF4B-00C04F79EFBC}") = "Wecker", "Wecker\Wecker.csproj", "{6E14CB84-8663-4AAB-BED7-AF7C5376095E}"
EndProject
Global
	GlobalSection(SolutionConfigurationPlatforms) = preSolution
		Debug|Any CPU = Debug|Any CPU
		Release|Any CPU = Release|Any CPU
	EndGlobalSection
	GlobalSection(ProjectConfigurationPlatforms) = postSolution
		{6E14CB84-8663-4AAB-BED7-AF7C5376095E}.Debug|Any CPU.ActiveCfg = Debug|Any CPU
		{6E14CB84-8663-4AAB-BED7-AF7C5376095E}.Debug|Any CPU.Build.0 = Debug|Any CPU
		{6E14CB84-8663-4AAB-BED7-AF7C5376095E}.Release|Any CPU.ActiveCfg = Release|Any CPU
		{6E14CB84-8663-4AAB-BED7-AF7C5376095E}.Release|Any CPU.Build.0 = Release|Any CPU
	EndGlobalSection
EndGlobal
