
Microsoft Visual Studio Solution File, Format Version 11.00
# Visual Studio 2010
# SharpDevelop 5.1
Project("{FAE04EC0-301F-11D3-BF4B-00C04F79EFBC}") = "Mittelwert", "Mittelwert\Mittelwert.csproj", "{3663B4B6-C82C-4298-8FD3-DEBF0357B423}"
EndProject
Global
	GlobalSection(SolutionConfigurationPlatforms) = preSolution
		Debug|Any CPU = Debug|Any CPU
		Release|Any CPU = Release|Any CPU
	EndGlobalSection
	GlobalSection(ProjectConfigurationPlatforms) = postSolution
		{3663B4B6-C82C-4298-8FD3-DEBF0357B423}.Debug|Any CPU.ActiveCfg = Debug|Any CPU
		{3663B4B6-C82C-4298-8FD3-DEBF0357B423}.Debug|Any CPU.Build.0 = Debug|Any CPU
		{3663B4B6-C82C-4298-8FD3-DEBF0357B423}.Release|Any CPU.ActiveCfg = Release|Any CPU
		{3663B4B6-C82C-4298-8FD3-DEBF0357B423}.Release|Any CPU.Build.0 = Release|Any CPU
	EndGlobalSection
EndGlobal
